// !$*UTF8*$!
{
	archiveVersion = 1;
	classes = {
	};
	objectVersion = 46;
	objects = {

/* Begin PBXBuildFile section */
		49A35CE61F46F1A80050A3FD /* DemoViewController.m in Sources */ = {isa = PBXBuildFile; fileRef = 49A35CE51F46F1A80050A3FD /* DemoViewController.m */; };
		49B489F51F42E5C40032859A /* main.m in Sources */ = {isa = PBXBuildFile; fileRef = 49B489F41F42E5C40032859A /* main.m */; };
		49B489F81F42E5C40032859A /* AppDelegate.m in Sources */ = {isa = PBXBuildFile; fileRef = 49B489F71F42E5C40032859A /* AppDelegate.m */; };
		49B489FB1F42E5C40032859A /* ViewController.m in Sources */ = {isa = PBXBuildFile; fileRef = 49B489FA1F42E5C40032859A /* ViewController.m */; };
		49B489FE1F42E5C40032859A /* Main.storyboard in Resources */ = {isa = PBXBuildFile; fileRef = 49B489FC1F42E5C40032859A /* Main.storyboard */; };
		49B48A001F42E5C40032859A /* Assets.xcassets in Resources */ = {isa = PBXBuildFile; fileRef = 49B489FF1F42E5C40032859A /* Assets.xcassets */; };
		49B48A031F42E5C40032859A /* LaunchScreen.storyboard in Resources */ = {isa = PBXBuildFile; fileRef = 49B48A011F42E5C40032859A /* LaunchScreen.storyboard */; };
		49B48A0D1F42E5EA0032859A /* DPSendCodeButton.m in Sources */ = {isa = PBXBuildFile; fileRef = 49B48A0C1F42E5EA0032859A /* DPSendCodeButton.m */; };
		49B48A101F42E62F0032859A /* DPGCDTimer.m in Sources */ = {isa = PBXBuildFile; fileRef = 49B48A0F1F42E62F0032859A /* DPGCDTimer.m */; };
		49B48A271F434AE30032859A /* PSPDFUIKitMainThreadGuard.m in Sources */ = {isa = PBXBuildFile; fileRef = 49B48A261F434AE30032859A /* PSPDFUIKitMainThreadGuard.m */; };
/* End PBXBuildFile section */

/* Begin PBXFileReference section */
		49A35CE41F46F1A80050A3FD /* DemoViewController.h */ = {isa = PBXFileReference; fileEncoding = 4; lastKnownFileType = sourcecode.c.h; path = DemoViewController.h; sourceTree = "<group>"; };
		49A35CE51F46F1A80050A3FD /* DemoViewController.m */ = {isa = PBXFileReference; fileEncoding = 4; lastKnownFileType = sourcecode.c.objc; path = DemoViewController.m; sourceTree = "<group>"; };
		49B489F01F42E5C40032859A /* demo.app */ = {isa = PBXFileReference; explicitFileType = wrapper.application; includeInIndex = 0; path = demo.app; sourceTree = BUILT_PRODUCTS_DIR; };
		49B489F41F42E5C40032859A /* main.m */ = {isa = PBXFileReference; lastKnownFileType = sourcecode.c.objc; path = main.m; sourceTree = "<group>"; };
		49B489F61F42E5C40032859A /* AppDelegate.h */ = {isa = PBXFileReference; lastKnownFileType = sourcecode.c.h; path = AppDelegate.h; sourceTree = "<group>"; };
		49B489F71F42E5C40032859A /* AppDelegate.m */ = {isa = PBXFileReference; lastKnownFileType = sourcecode.c.objc; path = AppDelegate.m; sourceTree = "<group>"; };
		49B489F91F42E5C40032859A /* ViewController.h */ = {isa = PBXFileReference; lastKnownFileType = sourcecode.c.h; path = ViewController.h; sourceTree = "<group>"; };
		49B489FA1F42E5C40032859A /* ViewController.m */ = {isa = PBXFileReference; lastKnownFileType = sourcecode.c.objc; path = ViewController.m; sourceTree = "<group>"; };
		49B489FD1F42E5C40032859A /* Base */ = {isa = PBXFileReference; lastKnownFileType = file.storyboard; name = Base; path = Base.lproj/Main.storyboard; sourceTree = "<group>"; };
		49B489FF1F42E5C40032859A /* Assets.xcassets */ = {isa = PBXFileReference; lastKnownFileType = folder.assetcatalog; path = Assets.xcassets; sourceTree = "<group>"; };
		49B48A021F42E5C40032859A /* Base */ = {isa = PBXFileReference; lastKnownFileType = file.storyboard; name = Base; path = Base.lproj/LaunchScreen.storyboard; sourceTree = "<group>"; };
		49B48A041F42E5C40032859A /* Info.plist */ = {isa = PBXFileReference; lastKnownFileType = text.plist.xml; path = Info.plist; sourceTree = "<group>"; };
		49B48A0B1F42E5EA0032859A /* DPSendCodeButton.h */ = {isa = PBXFileReference; fileEncoding = 4; lastKnownFileType = sourcecode.c.h; path = DPSendCodeButton.h; sourceTree = "<group>"; };
		49B48A0C1F42E5EA0032859A /* DPSendCodeButton.m */ = {isa = PBXFileReference; fileEncoding = 4; lastKnownFileType = sourcecode.c.objc; path = DPSendCodeButton.m; sourceTree = "<group>"; };
		49B48A0E1F42E62F0032859A /* DPGCDTimer.h */ = {isa = PBXFileReference; fileEncoding = 4; lastKnownFileType = sourcecode.c.h; path = DPGCDTimer.h; sourceTree = "<group>"; };
		49B48A0F1F42E62F0032859A /* DPGCDTimer.m */ = {isa = PBXFileReference; fileEncoding = 4; lastKnownFileType = sourcecode.c.objc; path = DPGCDTimer.m; sourceTree = "<group>"; };
		49B48A261F434AE30032859A /* PSPDFUIKitMainThreadGuard.m */ = {isa = PBXFileReference; fileEncoding = 4; lastKnownFileType = sourcecode.c.objc; path = PSPDFUIKitMainThreadGuard.m; sourceTree = "<group>"; };
/* End PBXFileReference section */

/* Begin PBXFrameworksBuildPhase section */
		49B489ED1F42E5C40032859A /* Frameworks */ = {
			isa = PBXFrameworksBuildPhase;
			buildActionMask = 2147483647;
			files = (
			);
			runOnlyForDeploymentPostprocessing = 0;
		};
/* End PBXFrameworksBuildPhase section */

/* Begin PBXGroup section */
		49B489E71F42E5C40032859A = {
			isa = PBXGroup;
			children = (
				49B489F21F42E5C40032859A /* demo */,
				49B489F11F42E5C40032859A /* Products */,
			);
			sourceTree = "<group>";
		};
		49B489F11F42E5C40032859A /* Products */ = {
			isa = PBXGroup;
			children = (
				49B489F01F42E5C40032859A /* demo.app */,
			);
			name = Products;
			sourceTree = "<group>";
		};
		49B489F21F42E5C40032859A /* demo */ = {
			isa = PBXGroup;
			children = (
				49B48A0A1F42E5DD0032859A /* DPSendCodeButton */,
				49B489F61F42E5C40032859A /* AppDelegate.h */,
				49B489F71F42E5C40032859A /* AppDelegate.m */,
				49B489F91F42E5C40032859A /* ViewController.h */,
				49B489FA1F42E5C40032859A /* ViewController.m */,
				49A35CE41F46F1A80050A3FD /* DemoViewController.h */,
				49A35CE51F46F1A80050A3FD /* DemoViewController.m */,
				49B489FC1F42E5C40032859A /* Main.storyboard */,
				49B489FF1F42E5C40032859A /* Assets.xcassets */,
				49B48A011F42E5C40032859A /* LaunchScreen.storyboard */,
				49B48A041F42E5C40032859A /* Info.plist */,
				49B489F31F42E5C40032859A /* Supporting Files */,
			);
			path = demo;
			sourceTree = "<group>";
		};
		49B489F31F42E5C40032859A /* Supporting Files */ = {
			isa = PBXGroup;
			children = (
				49B489F41F42E5C40032859A /* main.m */,
			);
			name = "Supporting Files";
			sourceTree = "<group>";
		};
		49B48A0A1F42E5DD0032859A /* DPSendCodeButton */ = {
			isa = PBXGroup;
			children = (
				49B48A0B1F42E5EA0032859A /* DPSendCodeButton.h */,
				49B48A0C1F42E5EA0032859A /* DPSendCodeButton.m */,
				49B48A0E1F42E62F0032859A /* DPGCDTimer.h */,
				49B48A0F1F42E62F0032859A /* DPGCDTimer.m */,
				49B48A261F434AE30032859A /* PSPDFUIKitMainThreadGuard.m */,
			);
			path = DPSendCodeButton;
			sourceTree = "<group>";
		};
/* End PBXGroup section */

/* Begin PBXNativeTarget section */
		49B489EF1F42E5C40032859A /* demo */ = {
			isa = PBXNativeTarget;
			buildConfigurationList = 49B48A071F42E5C40032859A /* Build configuration list for PBXNativeTarget "demo" */;
			buildPhases = (
				49B489EC1F42E5C40032859A /* Sources */,
				49B489ED1F42E5C40032859A /* Frameworks */,
				49B489EE1F42E5C40032859A /* Resources */,
			);
			buildRules = (
			);
			dependencies = (
			);
			name = demo;
			productName = demo;
			productReference = 49B489F01F42E5C40032859A /* demo.app */;
			productType = "com.apple.product-type.application";
		};
/* End PBXNativeTarget section */

/* Begin PBXProject section */
		49B489E81F42E5C40032859A /* Project object */ = {
			isa = PBXProject;
			attributes = {
				LastUpgradeCheck = 0830;
				ORGANIZATIONNAME = Andrew;
				TargetAttributes = {
					49B489EF1F42E5C40032859A = {
						CreatedOnToolsVersion = 8.3.1;
						ProvisioningStyle = Automatic;
					};
				};
			};
			buildConfigurationList = 49B489EB1F42E5C40032859A /* Build configuration list for PBXProject "demo" */;
			compatibilityVersion = "Xcode 3.2";
			developmentRegion = English;
			hasScannedForEncodings = 0;
			knownRegions = (
				en,
				Base,
			);
			mainGroup = 49B489E71F42E5C40032859A;
			productRefGroup = 49B489F11F42E5C40032859A /* Products */;
			projectDirPath = "";
			projectRoot = "";
			targets = (
				49B489EF1F42E5C40032859A /* demo */,
			);
		};
/* End PBXProject section */

/* Begin PBXResourcesBuildPhase section */
		49B489EE1F42E5C40032859A /* Resources */ = {
			isa = PBXResourcesBuildPhase;
			buildActionMask = 2147483647;
			files = (
				49B48A031F42E5C40032859A /* LaunchScreen.storyboard in Resources */,
				49B48A001F42E5C40032859A /* Assets.xcassets in Resources */,
				49B489FE1F42E5C40032859A /* Main.storyboard in Resources */,
			);
			runOnlyForDeploymentPostprocessing = 0;
		};
/* End PBXResourcesBuildPhase section */

/* Begin PBXSourcesBuildPhase section */
		49B489EC1F42E5C40032859A /* Sources */ = {
			isa = PBXSourcesBuildPhase;
			buildActionMask = 2147483647;
			files = (
				49B489FB1F42E5C40032859A /* ViewController.m in Sources */,
				49B489F81F42E5C40032859A /* AppDelegate.m in Sources */,
				49B48A101F42E62F0032859A /* DPGCDTimer.m in Sources */,
				49B48A0D1F42E5EA0032859A /* DPSendCodeButton.m in Sources */,
				49B489F51F42E5C40032859A /* main.m in Sources */,
				49A35CE61F46F1A80050A3FD /* DemoViewController.m in Sources */,
				49B48A271F434AE30032859A /* PSPDFUIKitMainThreadGuard.m in Sources */,
			);
			runOnlyForDeploymentPostprocessing = 0;
		};
/* End PBXSourcesBuildPhase section */

/* Begin PBXVariantGroup section */
		49B489FC1F42E5C40032859A /* Main.storyboard */ = {
			isa = PBXVariantGroup;
			children = (
				49B489FD1F42E5C40032859A /* Base */,
			);
			name = Main.storyboard;
			sourceTree = "<group>";
		};
		49B48A011F42E5C40032859A /* LaunchScreen.storyboard */ = {
			isa = PBXVariantGroup;
			children = (
				49B48A021F42E5C40032859A /* Base */,
			);
			name = LaunchScreen.storyboard;
			sourceTree = "<group>";
		};
/* End PBXVariantGroup section */

/* Begin XCBuildConfiguration section */
		49B48A051F42E5C40032859A /* Debug */ = {
			isa = XCBuildConfiguration;
			buildSettings = {
				ALWAYS_SEARCH_USER_PATHS = NO;
				CLANG_ANALYZER_NONNULL = YES;
				CLANG_ANALYZER_NUMBER_OBJECT_CONVERSION = YES_AGGRESSIVE;
				CLANG_CXX_LANGUAGE_STANDARD = "gnu++0x";
				CLANG_CXX_LIBRARY = "libc++";
				CLANG_ENABLE_MODULES = YES;
				CLANG_ENABLE_OBJC_ARC = YES;
				CLANG_WARN_BOOL_CONVERSION = YES;
				CLANG_WARN_CONSTANT_CONVERSION = YES;
				CLANG_WARN_DIRECT_OBJC_ISA_USAGE = YES_ERROR;
				CLANG_WARN_DOCUMENTATION_COMMENTS = YES;
				CLANG_WARN_EMPTY_BODY = YES;
				CLANG_WARN_ENUM_CONVERSION = YES;
				CLANG_WARN_INFINITE_RECURSION = YES;
				CLANG_WARN_INT_CONVERSION = YES;
				CLANG_WARN_OBJC_ROOT_CLASS = YES_ERROR;
				CLANG_WARN_SUSPICIOUS_MOVE = YES;
				CLANG_WARN_UNREACHABLE_CODE = YES;
				CLANG_WARN__DUPLICATE_METHOD_MATCH = YES;
				"CODE_SIGN_IDENTITY[sdk=iphoneos*]" = "iPhone Developer";
				COPY_PHASE_STRIP = NO;
				DEBUG_INFORMATION_FORMAT = dwarf;
				ENABLE_STRICT_OBJC_MSGSEND = YES;
				ENABLE_TESTABILITY = YES;
				GCC_C_LANGUAGE_STANDARD = gnu99;
				GCC_DYNAMIC_NO_PIC = NO;
				GCC_NO_COMMON_BLOCKS = YES;
				GCC_OPTIMIZATION_LEVEL = 0;
				GCC_PREPROCESSOR_DEFINITIONS = (
					"DEBUG=1",
					"$(inherited)",
				);
				GCC_WARN_64_TO_32_BIT_CONVERSION = YES;
				GCC_WARN_ABOUT_RETURN_TYPE = YES_ERROR;
				GCC_WARN_UNDECLARED_SELECTOR = YES;
				GCC_WARN_UNINITIALIZED_AUTOS = YES_AGGRESSIVE;
				GCC_WARN_UNUSED_FUNCTION = YES;
				GCC_WARN_UNUSED_VARIABLE = YES;
				IPHONEOS_DEPLOYMENT_TARGET = 10.3;
				MTL_ENABLE_DEBUG_INFO = YES;
				ONLY_ACTIVE_ARCH = YES;
				SDKROOT = iphoneos;
			};
			name = Debug;
		};
		49B48A061F42E5C40032859A /* Release */ = {
			isa = XCBuildConfiguration;
			buildSettings = {
				ALWAYS_SEARCH_USER_PATHS = NO;
				CLANG_ANALYZER_NONNULL = YES;
				CLANG_ANALYZER_NUMBER_OBJECT_CONVERSION = YES_AGGRESSIVE;
				CLANG_CXX_LANGUAGE_STANDARD = "gnu++0x";
				CLANG_CXX_LIBRARY = "libc++";
				CLANG_ENABLE_MODULES = YES;
				CLANG_ENABLE_OBJC_ARC = YES;
				CLANG_WARN_BOOL_CONVERSION = YES;
				CLANG_WARN_CONSTANT_CONVERSION = YES;
				CLANG_WARN_DIRECT_OBJC_ISA_USAGE = YES_ERROR;
				CLANG_WARN_DOCUMENTATION_COMMENTS = YES;
				CLANG_WARN_EMPTY_BODY = YES;
				CLANG_WARN_ENUM_CONVERSION = YES;
				CLANG_WARN_INFINITE_RECURSION = YES;
				CLANG_WARN_INT_CONVERSION = YES;
				CLANG_WARN_OBJC_ROOT_CLASS = YES_ERROR;
				CLANG_WARN_SUSPICIOUS_MOVE = YES;
				CLANG_WARN_UNREACHABLE_CODE = YES;
				CLANG_WARN__DUPLICATE_METHOD_MATCH = YES;
				"CODE_SIGN_IDENTITY[sdk=iphoneos*]" = "iPhone Developer";
				COPY_PHASE_STRIP = NO;
				DEBUG_INFORMATION_FORMAT = "dwarf-with-dsym";
				ENABLE_NS_ASSERTIONS = NO;
				ENABLE_STRICT_OBJC_MSGSEND = YES;
				GCC_C_LANGUAGE_STANDARD = gnu99;
				GCC_NO_COMMON_BLOCKS = YES;
				GCC_WARN_64_TO_32_BIT_CONVERSION = YES;
				GCC_WARN_ABOUT_RETURN_TYPE = YES_ERROR;
				GCC_WARN_UNDECLARED_SELECTOR = YES;
				GCC_WARN_UNINITIALIZED_AUTOS = YES_AGGRESSIVE;
				GCC_WARN_UNUSED_FUNCTION = YES;
				GCC_WARN_UNUSED_VARIABLE = YES;
				IPHONEOS_DEPLOYMENT_TARGET = 10.3;
				MTL_ENABLE_DEBUG_INFO = NO;
				SDKROOT = iphoneos;
				VALIDATE_PRODUCT = YES;
			};
			name = Release;
		};
		49B48A081F42E5C40032859A /* Debug */ = {
			isa = XCBuildConfiguration;
			buildSettings = {
				ASSETCATALOG_COMPILER_APPICON_NAME = AppIcon;
				INFOPLIST_FILE = demo/Info.plist;
				LD_RUNPATH_SEARCH_PATHS = "$(inherited) @executable_path/Frameworks";
				PRODUCT_BUNDLE_IDENTIFIER = com.andrew.demo;
				PRODUCT_NAME = "$(TARGET_NAME)";
			};
			name = Debug;
		};
		49B48A091F42E5C40032859A /* Release */ = {
			isa = XCBuildConfiguration;
			buildSettings = {
				ASSETCATALOG_COMPILER_APPICON_NAME = AppIcon;
				INFOPLIST_FILE = demo/Info.plist;
				LD_RUNPATH_SEARCH_PATHS = "$(inherited) @executable_path/Frameworks";
				PRODUCT_BUNDLE_IDENTIFIER = com.andrew.demo;
				PRODUCT_NAME = "$(TARGET_NAME)";
			};
			name = Release;
		};
/* End XCBuildConfiguration section */

/* Begin XCConfigurationList section */
		49B489EB1F42E5C40032859A /* Build configuration list for PBXProject "demo" */ = {
			isa = XCConfigurationList;
			buildConfigurations = (
				49B48A051F42E5C40032859A /* Debug */,
				49B48A061F42E5C40032859A /* Release */,
			);
			defaultConfigurationIsVisible = 0;
			defaultConfigurationName = Release;
		};
		49B48A071F42E5C40032859A /* Build configuration list for PBXNativeTarget "demo" */ = {
			isa = XCConfigurationList;
			buildConfigurations = (
				49B48A081F42E5C40032859A /* Debug */,
				49B48A091F42E5C40032859A /* Release */,
			);
			defaultConfigurationIsVisible = 0;
			defaultConfigurationName = Release;
		};
/* End XCConfigurationList section */
	};
	rootObject = 49B489E81F42E5C40032859A /* Project object */;
}
